<?xml version="1.0" encoding="utf-8"?>
<Project ToolsVersion="4.0" xmlns="http://schemas.microsoft.com/developer/msbuild/2003">
  <ItemGroup>
    <ClInclude Include="Include\PrerequisitesVSP.h">
      <Filter>Header Files</Filter>
    </ClInclude>
    <ClInclude Include="Include\OdinVPSDefines.h">
      <Filter>Header Files</Filter>
    </ClInclude>
    <ClInclude Include="Include\C_FunctionNode.h">
      <Filter>Header Files</Filter>
    </ClInclude>
    <ClInclude Include="Include\C_Node.h">
      <Filter>Header Files</Filter>
    </ClInclude>
    <ClInclude Include="Include\C_Color.h">
      <Filter>Header Files</Filter>
    </ClInclude>
    <ClInclude Include="Include\AddFunction.h">
      <Filter>Header Files</Filter>
    </ClInclude>
  </ItemGroup>
  <ItemGroup>
    <Filter Include="Header Files">
      <UniqueIdentifier>{2b87c2a2-8e51-4235-b041-68274d50b279}</UniqueIdentifier>
    </Filter>
    <Filter Include="Source Files">
      <UniqueIdentifier>{323a2a36-30ff-4161-bcb0-7cacb9f1de1f}</UniqueIdentifier>
    </Filter>
  </ItemGroup>
  <ItemGroup>
    <ClCompile Include="Src\AddFunction.cpp">
      <Filter>Source Files</Filter>
    </ClCompile>
  </ItemGroup>
</Project>