<?xml version="1.0" encoding="utf-8"?>
<Project ToolsVersion="4.0" xmlns="http://schemas.microsoft.com/developer/msbuild/2003">
  <ItemGroup>
    <Filter Include="Source Files">
      <UniqueIdentifier>{4FC737F1-C7A5-4376-A066-2A32D752A2FF}</UniqueIdentifier>
      <Extensions>cpp;c;cc;cxx;def;odl;idl;hpj;bat;asm;asmx</Extensions>
    </Filter>
    <Filter Include="Header Files">
      <UniqueIdentifier>{93995380-89BD-4b04-88EB-625FBE52EBFB}</UniqueIdentifier>
      <Extensions>h;hh;hpp;hxx;hm;inl;inc;xsd</Extensions>
    </Filter>
    <Filter Include="Resource Files">
      <UniqueIdentifier>{67DA6AB6-F800-4c08-8B7A-83BB121AAD01}</UniqueIdentifier>
      <Extensions>rc;ico;cur;bmp;dlg;rc2;rct;bin;rgs;gif;jpg;jpeg;jpe;resx;tiff;tif;png;wav;mfcribbon-ms</Extensions>
    </Filter>
    <Filter Include="Shader">
      <UniqueIdentifier>{5df510e8-4162-45ba-a441-487c8dec7d08}</UniqueIdentifier>
    </Filter>
  </ItemGroup>
  <ItemGroup>
    <FxCompile Include="..\Odin_CoreUtility\PixelShader.hlsl">
      <Filter>Shader</Filter>
    </FxCompile>
    <FxCompile Include="..\Odin_CoreUtility\VertexShader.hlsl">
      <Filter>Shader</Filter>
    </FxCompile>
  </ItemGroup>
  <ItemGroup>
    <ClInclude Include="Include\OEAnimation.h">
      <Filter>Header Files</Filter>
    </ClInclude>
    <ClInclude Include="Include\OEAnimationMesh.h">
      <Filter>Header Files</Filter>
    </ClInclude>
    <ClInclude Include="Include\OEAnimationModel.h">
      <Filter>Header Files</Filter>
    </ClInclude>
    <ClInclude Include="Include\OEBuffer.h">
      <Filter>Header Files</Filter>
    </ClInclude>
    <ClInclude Include="Include\OECameraManager.h">
      <Filter>Header Files</Filter>
    </ClInclude>
    <ClInclude Include="Include\OEConstantBuffer.h">
      <Filter>Header Files</Filter>
    </ClInclude>
    <ClInclude Include="Include\OEDepthStencil.h">
      <Filter>Header Files</Filter>
    </ClInclude>
    <ClInclude Include="Include\OEDomainShader.h">
      <Filter>Header Files</Filter>
    </ClInclude>
    <ClInclude Include="Include\OEFormats.h">
      <Filter>Header Files</Filter>
    </ClInclude>
    <ClInclude Include="Include\OEGraphicsAPI.h">
      <Filter>Header Files</Filter>
    </ClInclude>
    <ClInclude Include="Include\OEGraphicsBuffer.h">
      <Filter>Header Files</Filter>
    </ClInclude>
    <ClInclude Include="Include\OEGraphicsDevice.h">
      <Filter>Header Files</Filter>
    </ClInclude>
    <ClInclude Include="Include\OEGraphicsDeviceContext.h">
      <Filter>Header Files</Filter>
    </ClInclude>
    <ClInclude Include="Include\OEGraphicsMaterial.h">
      <Filter>Header Files</Filter>
    </ClInclude>
    <ClInclude Include="Include\OEGraphicsMesh.h">
      <Filter>Header Files</Filter>
    </ClInclude>
    <ClInclude Include="Include\OEGraphicsModel.h">
      <Filter>Header Files</Filter>
    </ClInclude>
    <ClInclude Include="Include\OEGraphicsShaders.h">
      <Filter>Header Files</Filter>
    </ClInclude>
    <ClInclude Include="Include\OEGraphicsTexture.h">
      <Filter>Header Files</Filter>
    </ClInclude>
    <ClInclude Include="Include\OEHullShader.h">
      <Filter>Header Files</Filter>
    </ClInclude>
    <ClInclude Include="Include\OEIndexBuffer.h">
      <Filter>Header Files</Filter>
    </ClInclude>
    <ClInclude Include="Include\OEInputLayout.h">
      <Filter>Header Files</Filter>
    </ClInclude>
    <ClInclude Include="Include\OEOdinGraphicsDefines.h">
      <Filter>Header Files</Filter>
    </ClInclude>
    <ClInclude Include="Include\OEPixelShader.h">
      <Filter>Header Files</Filter>
    </ClInclude>
    <ClInclude Include="Include\OEPrerequisitesGraphics.h">
      <Filter>Header Files</Filter>
    </ClInclude>
    <ClInclude Include="Include\OESampler.h">
      <Filter>Header Files</Filter>
    </ClInclude>
    <ClInclude Include="Include\OEShaderResource.h">
      <Filter>Header Files</Filter>
    </ClInclude>
    <ClInclude Include="Include\OESkeleton.h">
      <Filter>Header Files</Filter>
    </ClInclude>
    <ClInclude Include="Include\OESwapChain.h">
      <Filter>Header Files</Filter>
    </ClInclude>
    <ClInclude Include="Include\OETexture1D.h">
      <Filter>Header Files</Filter>
    </ClInclude>
    <ClInclude Include="Include\OETexture2D.h">
      <Filter>Header Files</Filter>
    </ClInclude>
    <ClInclude Include="Include\OEVertex.h">
      <Filter>Header Files</Filter>
    </ClInclude>
    <ClInclude Include="Include\OEVertexAnimation.h">
      <Filter>Header Files</Filter>
    </ClInclude>
    <ClInclude Include="Include\OEVertexAnimationBuffer.h">
      <Filter>Header Files</Filter>
    </ClInclude>
    <ClInclude Include="Include\OEVertexBuffer.h">
      <Filter>Header Files</Filter>
    </ClInclude>
    <ClInclude Include="Include\OEVertexShader.h">
      <Filter>Header Files</Filter>
    </ClInclude>
    <ClInclude Include="Include\OERenderTargetView.h">
      <Filter>Header Files</Filter>
    </ClInclude>
  </ItemGroup>
  <ItemGroup>
    <ClCompile Include="Src\OEAnimationMesh.cpp">
      <Filter>Source Files</Filter>
    </ClCompile>
    <ClCompile Include="Src\OEAnimationModel.cpp">
      <Filter>Source Files</Filter>
    </ClCompile>
    <ClCompile Include="Src\OEBuffer.cpp">
      <Filter>Source Files</Filter>
    </ClCompile>
    <ClCompile Include="Src\OEConstantBuffer.cpp">
      <Filter>Source Files</Filter>
    </ClCompile>
    <ClCompile Include="Src\OEDepthStencil.cpp">
      <Filter>Source Files</Filter>
    </ClCompile>
    <ClCompile Include="Src\OEDomainShader.cpp">
      <Filter>Source Files</Filter>
    </ClCompile>
    <ClCompile Include="Src\OEGraphicsAPI.cpp">
      <Filter>Source Files</Filter>
    </ClCompile>
    <ClCompile Include="Src\OEGraphicsBuffer.cpp">
      <Filter>Source Files</Filter>
    </ClCompile>
    <ClCompile Include="Src\OEGraphicsDevice.cpp">
      <Filter>Source Files</Filter>
    </ClCompile>
    <ClCompile Include="Src\OEGraphicsDeviceContext.cpp">
      <Filter>Source Files</Filter>
    </ClCompile>
    <ClCompile Include="Src\OEGraphicsMaterial.cpp">
      <Filter>Source Files</Filter>
    </ClCompile>
    <ClCompile Include="Src\OEGraphicsMesh.cpp">
      <Filter>Source Files</Filter>
    </ClCompile>
    <ClCompile Include="Src\OEGraphicsModel.cpp">
      <Filter>Source Files</Filter>
    </ClCompile>
    <ClCompile Include="Src\OEGraphicsShaders.cpp">
      <Filter>Source Files</Filter>
    </ClCompile>
    <ClCompile Include="Src\OEGraphicsTexture.cpp">
      <Filter>Source Files</Filter>
    </ClCompile>
    <ClCompile Include="Src\OEHullShader.cpp">
      <Filter>Source Files</Filter>
    </ClCompile>
    <ClCompile Include="Src\OEIndexBuffer.cpp">
      <Filter>Source Files</Filter>
    </ClCompile>
    <ClCompile Include="Src\OEInputLayout.cpp">
      <Filter>Source Files</Filter>
    </ClCompile>
    <ClCompile Include="Src\OEPixelShader.cpp">
      <Filter>Source Files</Filter>
    </ClCompile>
    <ClCompile Include="Src\OESampler.cpp">
      <Filter>Source Files</Filter>
    </ClCompile>
    <ClCompile Include="Src\OEShaderResource.cpp">
      <Filter>Source Files</Filter>
    </ClCompile>
    <ClCompile Include="Src\OESkeleton.cpp">
      <Filter>Source Files</Filter>
    </ClCompile>
    <ClCompile Include="Src\OESwapChain.cpp">
      <Filter>Source Files</Filter>
    </ClCompile>
    <ClCompile Include="Src\OETexture1D.cpp">
      <Filter>Source Files</Filter>
    </ClCompile>
    <ClCompile Include="Src\OETexture2D.cpp">
      <Filter>Source Files</Filter>
    </ClCompile>
    <ClCompile Include="Src\OEVertexAnimationBuffer.cpp">
      <Filter>Source Files</Filter>
    </ClCompile>
    <ClCompile Include="Src\OEVertexBuffer.cpp">
      <Filter>Source Files</Filter>
    </ClCompile>
    <ClCompile Include="Src\OEVertexShader.cpp">
      <Filter>Source Files</Filter>
    </ClCompile>
    <ClCompile Include="Src\OERenderTargetView.cpp">
      <Filter>Source Files</Filter>
    </ClCompile>
  </ItemGroup>
</Project>